
Microsoft Visual Studio Solution File, Format Version 12.00
# Visual Studio Version 17
VisualStudioVersion = 17.9.34728.123
MinimumVisualStudioVersion = 10.0.40219.1
Project("{FAE04EC0-301F-11D3-BF4B-00C04F79EFBC}") = "Taschenrechner1", "Taschenrechner1\Taschenrechner1.csproj", "{889CBE33-CAE7-4DA5-BC6B-555C72D4B87A}"
EndProject
Global
	GlobalSection(SolutionConfigurationPlatforms) = preSolution
		Debug|Any CPU = Debug|Any CPU
		Release|Any CPU = Release|Any CPU
	EndGlobalSection
	GlobalSection(ProjectConfigurationPlatforms) = postSolution
		{889CBE33-CAE7-4DA5-BC6B-555C72D4B87A}.Debug|Any CPU.ActiveCfg = Debug|Any CPU
		{889CBE33-CAE7-4DA5-BC6B-555C72D4B87A}.Debug|Any CPU.Build.0 = Debug|Any CPU
		{889CBE33-CAE7-4DA5-BC6B-555C72D4B87A}.Release|Any CPU.ActiveCfg = Release|Any CPU
		{889CBE33-CAE7-4DA5-BC6B-555C72D4B87A}.Release|Any CPU.Build.0 = Release|Any CPU
	EndGlobalSection
	GlobalSection(SolutionProperties) = preSolution
		HideSolutionNode = FALSE
	EndGlobalSection
	GlobalSection(ExtensibilityGlobals) = postSolution
		SolutionGuid = {205B9641-C239-4E8A-8D1E-64523D3C62EE}
	EndGlobalSection
EndGlobal
